# THIS IS AN AUTOGENERATED FILE. DO NOT EDIT THIS FILE DIRECTLY.
# yarn lockfile v1


affine-hull@^1.0.0:
  version "1.0.0"
  resolved "https://registry.yarnpkg.com/affine-hull/-/affine-hull-1.0.0.tgz#763ff1d38d063ceb7e272f17ee4d7bbcaf905c5d"
  dependencies:
    robust-orientation "^1.1.3"

ajv@^5.1.0:
  version "5.5.1"
  resolved "https://registry.yarnpkg.com/ajv/-/ajv-5.5.1.tgz#b38bb8876d9e86bee994956a04e721e88b248eb2"
  dependencies:
    co "^4.6.0"
    fast-deep-equal "^1.0.0"
    fast-json-stable-stringify "^2.0.0"
    json-schema-traverse "^0.3.0"

arc@^0.1.0:
  version "0.1.0"
  resolved "https://registry.yarnpkg.com/arc/-/arc-0.1.0.tgz#00a4132036cfb33869c7f219ef78287a1fa92c75"

asn1@~0.2.3:
  version "0.2.3"
  resolved "https://registry.yarnpkg.com/asn1/-/asn1-0.2.3.tgz#dac8787713c9966849fc8180777ebe9c1ddf3b86"

assert-plus@1.0.0, assert-plus@^1.0.0:
  version "1.0.0"
  resolved "https://registry.yarnpkg.com/assert-plus/-/assert-plus-1.0.0.tgz#f12e0f3c5d77b0b1cdd9146942e4e96c1e4dd525"

asynckit@^0.4.0:
  version "0.4.0"
  resolved "https://registry.yarnpkg.com/asynckit/-/asynckit-0.4.0.tgz#c79ed97f7f34cb8f2ba1bc9790bcc366474b4b79"

aws-sign2@~0.7.0:
  version "0.7.0"
  resolved "https://registry.yarnpkg.com/aws-sign2/-/aws-sign2-0.7.0.tgz#b46e890934a9591f2d2f6f86d7e6a9f1b3fe76a8"

aws4@^1.6.0:
  version "1.6.0"
  resolved "https://registry.yarnpkg.com/aws4/-/aws4-1.6.0.tgz#83ef5ca860b2b32e4a0deedee8c771b9db57471e"

bcrypt-pbkdf@^1.0.0:
  version "1.0.1"
  resolved "https://registry.yarnpkg.com/bcrypt-pbkdf/-/bcrypt-pbkdf-1.0.1.tgz#63bc5dcb61331b92bc05fd528953c33462a06f8d"
  dependencies:
    tweetnacl "^0.14.3"

bit-twiddle@^1.0.0:
  version "1.0.2"
  resolved "https://registry.yarnpkg.com/bit-twiddle/-/bit-twiddle-1.0.2.tgz#0c6c1fabe2b23d17173d9a61b7b7093eb9e1769e"

boom@4.x.x:
  version "4.3.1"
  resolved "https://registry.yarnpkg.com/boom/-/boom-4.3.1.tgz#4f8a3005cb4a7e3889f749030fd25b96e01d2e31"
  dependencies:
    hoek "4.x.x"

boom@5.x.x:
  version "5.2.0"
  resolved "https://registry.yarnpkg.com/boom/-/boom-5.2.0.tgz#5dd9da6ee3a5f302077436290cb717d3f4a54e02"
  dependencies:
    hoek "4.x.x"

caseless@~0.12.0:
  version "0.12.0"
  resolved "https://registry.yarnpkg.com/caseless/-/caseless-0.12.0.tgz#1b681c21ff84033c826543090689420d187151dc"

co@^4.6.0:
  version "4.6.0"
  resolved "https://registry.yarnpkg.com/co/-/co-4.6.0.tgz#6ea6bdf3d853ae54ccb8e47bfa0bf3f9031fb184"

combined-stream@^1.0.5, combined-stream@~1.0.5:
  version "1.0.5"
  resolved "https://registry.yarnpkg.com/combined-stream/-/combined-stream-1.0.5.tgz#938370a57b4a51dea2c77c15d5c5fdf895164009"
  dependencies:
    delayed-stream "~1.0.0"

convex-hull@^1.0.3:
  version "1.0.3"
  resolved "https://registry.yarnpkg.com/convex-hull/-/convex-hull-1.0.3.tgz#20a3aa6ce87f4adea2ff7d17971c9fc1c67e1fff"
  dependencies:
    affine-hull "^1.0.0"
    incremental-convex-hull "^1.0.1"
    monotone-convex-hull-2d "^1.0.1"

core-util-is@1.0.2:
  version "1.0.2"
  resolved "https://registry.yarnpkg.com/core-util-is/-/core-util-is-1.0.2.tgz#b5fd54220aa2bc5ab57aab7140c940754503c1a7"

cryptiles@3.x.x:
  version "3.1.2"
  resolved "https://registry.yarnpkg.com/cryptiles/-/cryptiles-3.1.2.tgz#a89fbb220f5ce25ec56e8c4aa8a4fd7b5b0d29fe"
  dependencies:
    boom "5.x.x"

dashdash@^1.12.0:
  version "1.14.1"
  resolved "https://registry.yarnpkg.com/dashdash/-/dashdash-1.14.1.tgz#853cfa0f7cbe2fed5de20326b8dd581035f6e2f0"
  dependencies:
    assert-plus "^1.0.0"

delayed-stream@~1.0.0:
  version "1.0.0"
  resolved "https://registry.yarnpkg.com/delayed-stream/-/delayed-stream-1.0.0.tgz#df3ae199acadfb7d440aaae0b29e2272b24ec619"

dotenv@^4.0.0:
  version "4.0.0"
  resolved "https://registry.yarnpkg.com/dotenv/-/dotenv-4.0.0.tgz#864ef1379aced55ce6f95debecdce179f7a0cd1d"

earcut@^2.0.0:
  version "2.1.2"
  resolved "https://registry.yarnpkg.com/earcut/-/earcut-2.1.2.tgz#542add0ca3a7b713452720e1d053937d3daf3784"

ecc-jsbn@~0.1.1:
  version "0.1.1"
  resolved "https://registry.yarnpkg.com/ecc-jsbn/-/ecc-jsbn-0.1.1.tgz#0fc73a9ed5f0d53c38193398523ef7e543777505"
  dependencies:
    jsbn "~0.1.0"

extend@~3.0.1:
  version "3.0.1"
  resolved "https://registry.yarnpkg.com/extend/-/extend-3.0.1.tgz#a755ea7bc1adfcc5a31ce7e762dbaadc5e636444"

extsprintf@1.3.0:
  version "1.3.0"
  resolved "https://registry.yarnpkg.com/extsprintf/-/extsprintf-1.3.0.tgz#96918440e3041a7a414f8c52e3c574eb3c3e1e05"

extsprintf@^1.2.0:
  version "1.4.0"
  resolved "https://registry.yarnpkg.com/extsprintf/-/extsprintf-1.4.0.tgz#e2689f8f356fad62cca65a3a91c5df5f9551692f"

fast-deep-equal@^1.0.0:
  version "1.0.0"
  resolved "https://registry.yarnpkg.com/fast-deep-equal/-/fast-deep-equal-1.0.0.tgz#96256a3bc975595eb36d82e9929d060d893439ff"

fast-json-stable-stringify@^2.0.0:
  version "2.0.0"
  resolved "https://registry.yarnpkg.com/fast-json-stable-stringify/-/fast-json-stable-stringify-2.0.0.tgz#d5142c0caee6b1189f87d3a76111064f86c8bbf2"

forever-agent@~0.6.1:
  version "0.6.1"
  resolved "https://registry.yarnpkg.com/forever-agent/-/forever-agent-0.6.1.tgz#fbc71f0c41adeb37f96c577ad1ed42d8fdacca91"

form-data@~2.3.1:
  version "2.3.1"
  resolved "https://registry.yarnpkg.com/form-data/-/form-data-2.3.1.tgz#6fb94fbd71885306d73d15cc497fe4cc4ecd44bf"
  dependencies:
    asynckit "^0.4.0"
    combined-stream "^1.0.5"
    mime-types "^2.1.12"

geojson-area@^0.2.1:
  version "0.2.1"
  resolved "https://registry.yarnpkg.com/geojson-area/-/geojson-area-0.2.1.tgz#2537b0982db86309f21d2c428a4257c7a6282cc6"
  dependencies:
    wgs84 "0.0.0"

geojson-normalize@0.0.0:
  version "0.0.0"
  resolved "https://registry.yarnpkg.com/geojson-normalize/-/geojson-normalize-0.0.0.tgz#2dbc3678cd1b31b8179e876bda70cd120dde35c0"

geojson-random@^0.2.2:
  version "0.2.2"
  resolved "https://registry.yarnpkg.com/geojson-random/-/geojson-random-0.2.2.tgz#ab4838f126adc5e16f8f94e655def820f9119dbc"

getpass@^0.1.1:
  version "0.1.7"
  resolved "https://registry.yarnpkg.com/getpass/-/getpass-0.1.7.tgz#5eff8e3e684d569ae4cb2b1282604e8ba62149fa"
  dependencies:
    assert-plus "^1.0.0"

har-schema@^2.0.0:
  version "2.0.0"
  resolved "https://registry.yarnpkg.com/har-schema/-/har-schema-2.0.0.tgz#a94c2224ebcac04782a0d9035521f24735b7ec92"

har-validator@~5.0.3:
  version "5.0.3"
  resolved "https://registry.yarnpkg.com/har-validator/-/har-validator-5.0.3.tgz#ba402c266194f15956ef15e0fcf242993f6a7dfd"
  dependencies:
    ajv "^5.1.0"
    har-schema "^2.0.0"

hawk@~6.0.2:
  version "6.0.2"
  resolved "https://registry.yarnpkg.com/hawk/-/hawk-6.0.2.tgz#af4d914eb065f9b5ce4d9d11c1cb2126eecc3038"
  dependencies:
    boom "4.x.x"
    cryptiles "3.x.x"
    hoek "4.x.x"
    sntp "2.x.x"

hoek@4.x.x:
  version "4.2.0"
  resolved "https://registry.yarnpkg.com/hoek/-/hoek-4.2.0.tgz#72d9d0754f7fe25ca2d01ad8f8f9a9449a89526d"

http-signature@~1.2.0:
  version "1.2.0"
  resolved "https://registry.yarnpkg.com/http-signature/-/http-signature-1.2.0.tgz#9aecd925114772f3d95b65a60abb8f7c18fbace1"
  dependencies:
    assert-plus "^1.0.0"
    jsprim "^1.2.2"
    sshpk "^1.7.0"

incremental-convex-hull@^1.0.1:
  version "1.0.1"
  resolved "https://registry.yarnpkg.com/incremental-convex-hull/-/incremental-convex-hull-1.0.1.tgz#51428c14cb9d9a6144bfe69b2851fb377334be1e"
  dependencies:
    robust-orientation "^1.1.2"
    simplicial-complex "^1.0.0"

is-typedarray@~1.0.0:
  version "1.0.0"
  resolved "https://registry.yarnpkg.com/is-typedarray/-/is-typedarray-1.0.0.tgz#e479c80858df0c1b11ddda6940f96011fcda4a9a"

isstream@~0.1.2:
  version "0.1.2"
  resolved "https://registry.yarnpkg.com/isstream/-/isstream-0.1.2.tgz#47e63f7af55afa6f92e1500e690eb8b8529c099a"

jsbn@~0.1.0:
  version "0.1.1"
  resolved "https://registry.yarnpkg.com/jsbn/-/jsbn-0.1.1.tgz#a5e654c2e5a2deb5f201d96cefbca80c0ef2f513"

json-schema-traverse@^0.3.0:
  version "0.3.1"
  resolved "https://registry.yarnpkg.com/json-schema-traverse/-/json-schema-traverse-0.3.1.tgz#349a6d44c53a51de89b40805c5d5e59b417d3340"

json-schema@0.2.3:
  version "0.2.3"
  resolved "https://registry.yarnpkg.com/json-schema/-/json-schema-0.2.3.tgz#b480c892e59a2f05954ce727bd3f2a4e882f9e13"

json-stringify-safe@~5.0.1:
  version "5.0.1"
  resolved "https://registry.yarnpkg.com/json-stringify-safe/-/json-stringify-safe-5.0.1.tgz#1296a2d58fd45f19a0f6ce01d65701e2c735b6eb"

jsprim@^1.2.2:
  version "1.4.1"
  resolved "https://registry.yarnpkg.com/jsprim/-/jsprim-1.4.1.tgz#313e66bc1e5cc06e438bc1b7499c2e5c56acb6a2"
  dependencies:
    assert-plus "1.0.0"
    extsprintf "1.3.0"
    json-schema "0.2.3"
    verror "1.10.0"

jsts@1.1.2:
  version "1.1.2"
  resolved "https://registry.yarnpkg.com/jsts/-/jsts-1.1.2.tgz#d205d2cc8393081d9e484ae36282110695edc230"

mime-db@~1.30.0:
  version "1.30.0"
  resolved "https://registry.yarnpkg.com/mime-db/-/mime-db-1.30.0.tgz#74c643da2dd9d6a45399963465b26d5ca7d71f01"

mime-types@^2.1.12, mime-types@~2.1.17:
  version "2.1.17"
  resolved "https://registry.yarnpkg.com/mime-types/-/mime-types-2.1.17.tgz#09d7a393f03e995a79f8af857b70a9e0ab16557a"
  dependencies:
    mime-db "~1.30.0"

minimist@^1.1.0:
  version "1.2.0"
  resolved "https://registry.yarnpkg.com/minimist/-/minimist-1.2.0.tgz#a35008b20f41383eec1fb914f4cd5df79a264284"

monotone-convex-hull-2d@^1.0.1:
  version "1.0.1"
  resolved "https://registry.yarnpkg.com/monotone-convex-hull-2d/-/monotone-convex-hull-2d-1.0.1.tgz#47f5daeadf3c4afd37764baa1aa8787a40eee08c"
  dependencies:
    robust-orientation "^1.1.3"

oauth-sign@~0.8.2:
  version "0.8.2"
  resolved "https://registry.yarnpkg.com/oauth-sign/-/oauth-sign-0.8.2.tgz#46a6ab7f0aead8deae9ec0565780b7d4efeb9d43"

performance-now@^2.1.0:
  version "2.1.0"
  resolved "https://registry.yarnpkg.com/performance-now/-/performance-now-2.1.0.tgz#6309f4e0e5fa913ec1c69307ae364b4b377c9e7b"

polyline@^0.2.0:
  version "0.2.0"
  resolved "https://registry.yarnpkg.com/polyline/-/polyline-0.2.0.tgz#4f2b716ca81134a6cbaa488975d236ecb1cc2840"

punycode@^1.4.1:
  version "1.4.1"
  resolved "https://registry.yarnpkg.com/punycode/-/punycode-1.4.1.tgz#c0d5a63b2718800ad8e1eb0fa5269c84dd41845e"

qs@~6.5.1:
  version "6.5.1"
  resolved "https://registry.yarnpkg.com/qs/-/qs-6.5.1.tgz#349cdf6eef89ec45c12d7d5eb3fc0c870343a6d8"

request@^2.79.0:
  version "2.83.0"
  resolved "https://registry.yarnpkg.com/request/-/request-2.83.0.tgz#ca0b65da02ed62935887808e6f510381034e3356"
  dependencies:
    aws-sign2 "~0.7.0"
    aws4 "^1.6.0"
    caseless "~0.12.0"
    combined-stream "~1.0.5"
    extend "~3.0.1"
    forever-agent "~0.6.1"
    form-data "~2.3.1"
    har-validator "~5.0.3"
    hawk "~6.0.2"
    http-signature "~1.2.0"
    is-typedarray "~1.0.0"
    isstream "~0.1.2"
    json-stringify-safe "~5.0.1"
    mime-types "~2.1.17"
    oauth-sign "~0.8.2"
    performance-now "^2.1.0"
    qs "~6.5.1"
    safe-buffer "^5.1.1"
    stringstream "~0.0.5"
    tough-cookie "~2.3.3"
    tunnel-agent "^0.6.0"
    uuid "^3.1.0"

robust-orientation@^1.1.2, robust-orientation@^1.1.3:
  version "1.1.3"
  resolved "https://registry.yarnpkg.com/robust-orientation/-/robust-orientation-1.1.3.tgz#daff5b00d3be4e60722f0e9c0156ef967f1c2049"
  dependencies:
    robust-scale "^1.0.2"
    robust-subtract "^1.0.0"
    robust-sum "^1.0.0"
    two-product "^1.0.2"

robust-scale@^1.0.2:
  version "1.0.2"
  resolved "https://registry.yarnpkg.com/robust-scale/-/robust-scale-1.0.2.tgz#775132ed09542d028e58b2cc79c06290bcf78c32"
  dependencies:
    two-product "^1.0.2"
    two-sum "^1.0.0"

robust-subtract@^1.0.0:
  version "1.0.0"
  resolved "https://registry.yarnpkg.com/robust-subtract/-/robust-subtract-1.0.0.tgz#e0b164e1ed8ba4e3a5dda45a12038348dbed3e9a"

robust-sum@^1.0.0:
  version "1.0.0"
  resolved "https://registry.yarnpkg.com/robust-sum/-/robust-sum-1.0.0.tgz#16646e525292b4d25d82757a286955e0bbfa53d9"

safe-buffer@^5.0.1, safe-buffer@^5.1.1:
  version "5.1.1"
  resolved "https://registry.yarnpkg.com/safe-buffer/-/safe-buffer-5.1.1.tgz#893312af69b2123def71f57889001671eeb2c853"

simplicial-complex@^1.0.0:
  version "1.0.0"
  resolved "https://registry.yarnpkg.com/simplicial-complex/-/simplicial-complex-1.0.0.tgz#6c33a4ed69fcd4d91b7bcadd3b30b63683eae241"
  dependencies:
    bit-twiddle "^1.0.0"
    union-find "^1.0.0"

simplify-js@^1.2.1:
  version "1.2.1"
  resolved "https://registry.yarnpkg.com/simplify-js/-/simplify-js-1.2.1.tgz#fa216b40454f48175450e0fea1bd1e6ab39fcbc0"

slug@^0.9.1:
  version "0.9.1"
  resolved "https://registry.yarnpkg.com/slug/-/slug-0.9.1.tgz#af08f608a7c11516b61778aa800dce84c518cfda"
  dependencies:
    unicode ">= 0.3.1"

sntp@2.x.x:
  version "2.1.0"
  resolved "https://registry.yarnpkg.com/sntp/-/sntp-2.1.0.tgz#2c6cec14fedc2222739caf9b5c3d85d1cc5a2cc8"
  dependencies:
    hoek "4.x.x"

sshpk@^1.7.0:
  version "1.13.1"
  resolved "https://registry.yarnpkg.com/sshpk/-/sshpk-1.13.1.tgz#512df6da6287144316dc4c18fe1cf1d940739be3"
  dependencies:
    asn1 "~0.2.3"
    assert-plus "^1.0.0"
    dashdash "^1.12.0"
    getpass "^0.1.1"
  optionalDependencies:
    bcrypt-pbkdf "^1.0.0"
    ecc-jsbn "~0.1.1"
    jsbn "~0.1.0"
    tweetnacl "~0.14.0"

stringstream@~0.0.5:
  version "0.0.5"
  resolved "https://registry.yarnpkg.com/stringstream/-/stringstream-0.0.5.tgz#4e484cd4de5a0bbbee18e46307710a8a81621878"

tough-cookie@~2.3.3:
  version "2.3.3"
  resolved "https://registry.yarnpkg.com/tough-cookie/-/tough-cookie-2.3.3.tgz#0b618a5565b6dea90bf3425d04d55edc475a7561"
  dependencies:
    punycode "^1.4.1"

tunnel-agent@^0.6.0:
  version "0.6.0"
  resolved "https://registry.yarnpkg.com/tunnel-agent/-/tunnel-agent-0.6.0.tgz#27a5dea06b36b04a0a9966774b290868f0fc40fd"
  dependencies:
    safe-buffer "^5.0.1"

turf-along@^3.0.12:
  version "3.0.12"
  resolved "https://registry.yarnpkg.com/turf-along/-/turf-along-3.0.12.tgz#e622bde7a4bd138c09647d4b14aa0ea700485de6"
  dependencies:
    turf-bearing "^3.0.12"
    turf-destination "^3.0.12"
    turf-distance "^3.0.12"
    turf-helpers "^3.0.12"

turf-area@^3.0.12:
  version "3.0.12"
  resolved "https://registry.yarnpkg.com/turf-area/-/turf-area-3.0.12.tgz#9b7e469ef9fb558fd147bb0c214823263bdbf13c"
  dependencies:
    geojson-area "^0.2.1"

turf-bbox-polygon@^3.0.12:
  version "3.0.12"
  resolved "https://registry.yarnpkg.com/turf-bbox-polygon/-/turf-bbox-polygon-3.0.12.tgz#330dc0bb38322d61545df966ce6c80f685acf4f2"
  dependencies:
    turf-helpers "^3.0.12"

turf-bbox@^3.0.12:
  version "3.0.12"
  resolved "https://registry.yarnpkg.com/turf-bbox/-/turf-bbox-3.0.12.tgz#3fa06117c8443860ec80ac60fd5d2f1320bfb1be"
  dependencies:
    turf-meta "^3.0.12"

turf-bearing@^3.0.12:
  version "3.0.12"
  resolved "https://registry.yarnpkg.com/turf-bearing/-/turf-bearing-3.0.12.tgz#65f609dd850e7364c7771aa6ded87b0e1917fd20"
  dependencies:
    turf-invariant "^3.0.12"

turf-bezier@^3.0.12:
  version "3.0.12"
  resolved "https://registry.yarnpkg.com/turf-bezier/-/turf-bezier-3.0.12.tgz#102efdd4a63b265ee9c8c1727631920b36f4dd02"
  dependencies:
    turf-helpers "^3.0.12"

turf-buffer@^3.0.12:
  version "3.0.12"
  resolved "https://registry.yarnpkg.com/turf-buffer/-/turf-buffer-3.0.12.tgz#20840fe7c6aa67b24be1cab7ffcc5a82fd6bd971"
  dependencies:
    geojson-normalize "0.0.0"
    jsts "1.1.2"
    turf-combine "^3.0.12"
    turf-helpers "^3.0.12"

turf-center@^3.0.12:
  version "3.0.12"
  resolved "https://registry.yarnpkg.com/turf-center/-/turf-center-3.0.12.tgz#45dd6c1729bb867291e3e002e9c7506f8c440196"
  dependencies:
    turf-bbox "^3.0.12"
    turf-helpers "^3.0.12"

turf-centroid@^3.0.12:
  version "3.0.12"
  resolved "https://registry.yarnpkg.com/turf-centroid/-/turf-centroid-3.0.12.tgz#eaee0d698204b57fc33994bb1bc867b8da293f8f"
  dependencies:
    turf-helpers "^3.0.12"
    turf-meta "^3.0.12"

turf-circle@^3.0.12:
  version "3.0.12"
  resolved "https://registry.yarnpkg.com/turf-circle/-/turf-circle-3.0.12.tgz#140b21cb4950f2d3cbc70d2df012936867f58930"
  dependencies:
    turf-destination "^3.0.12"
    turf-helpers "^3.0.12"

turf-collect@^3.0.12:
  version "3.0.12"
  resolved "https://registry.yarnpkg.com/turf-collect/-/turf-collect-3.0.12.tgz#6e986d1a707da319cc83e7238d0bcdf19aa3c7f2"
  dependencies:
    turf-inside "^3.0.12"

turf-combine@^3.0.12:
  version "3.0.12"
  resolved "https://registry.yarnpkg.com/turf-combine/-/turf-combine-3.0.12.tgz#1670746f0fdce0d1ea8aa6a29ffe5438d446cf73"
  dependencies:
    turf-meta "^3.0.12"

turf-concave@^3.0.12:
  version "3.0.12"
  resolved "https://registry.yarnpkg.com/turf-concave/-/turf-concave-3.0.12.tgz#fcab6056965b0a8319f6cd802601095f2fd3a8eb"
  dependencies:
    turf-distance "^3.0.12"
    turf-meta "^3.0.12"
    turf-tin "^3.0.12"
    turf-union "^3.0.12"

turf-convex@^3.0.12:
  version "3.0.12"
  resolved "https://registry.yarnpkg.com/turf-convex/-/turf-convex-3.0.12.tgz#a88ddc3e22d1cb658796a9c85d3ada3bd3eca357"
  dependencies:
    convex-hull "^1.0.3"
    turf-helpers "^3.0.12"
    turf-meta "^3.0.12"

turf-destination@^3.0.12:
  version "3.0.12"
  resolved "https://registry.yarnpkg.com/turf-destination/-/turf-destination-3.0.12.tgz#7dd6fbf97e86f831a26c83ef2d5a2f8d1d8a6de2"
  dependencies:
    turf-helpers "^3.0.12"
    turf-invariant "^3.0.12"

turf-difference@^3.0.12:
  version "3.0.12"
  resolved "https://registry.yarnpkg.com/turf-difference/-/turf-difference-3.0.12.tgz#9c3d0d7630421005b8b25b7f068ed9efb4bc6ea7"
  dependencies:
    jsts "1.1.2"
    turf-helpers "^3.0.12"

turf-distance@^3.0.12:
  version "3.0.12"
  resolved "https://registry.yarnpkg.com/turf-distance/-/turf-distance-3.0.12.tgz#fb97b8705facd993b145e014b41862610eeca449"
  dependencies:
    turf-helpers "^3.0.12"
    turf-invariant "^3.0.12"

turf-envelope@^3.0.12:
  version "3.0.12"
  resolved "https://registry.yarnpkg.com/turf-envelope/-/turf-envelope-3.0.12.tgz#96921d278cc8c664692e320e2543b914080d786b"
  dependencies:
    turf-bbox "^3.0.12"
    turf-bbox-polygon "^3.0.12"

turf-explode@^3.0.12:
  version "3.0.12"
  resolved "https://registry.yarnpkg.com/turf-explode/-/turf-explode-3.0.12.tgz#c5ae28c284cd006c56511ec7d408c48a5414ecfe"
  dependencies:
    turf-helpers "^3.0.12"
    turf-meta "^3.0.12"

turf-flip@^3.0.12:
  version "3.0.12"
  resolved "https://registry.yarnpkg.com/turf-flip/-/turf-flip-3.0.12.tgz#deb868177b9ff3bb310c5d41aaac61a9156a3cbb"
  dependencies:
    turf-meta "^3.0.12"

turf-grid@1.0.1:
  version "1.0.1"
  resolved "https://registry.yarnpkg.com/turf-grid/-/turf-grid-1.0.1.tgz#b904abc564b939b627a66ac15eb16e053829b80f"
  dependencies:
    turf-point "^2.0.0"

turf-helpers@^3.0.12:
  version "3.0.12"
  resolved "https://registry.yarnpkg.com/turf-helpers/-/turf-helpers-3.0.12.tgz#dd4272e74b3ad7c96eecb7ae5c57fe8eca544b7b"

turf-hex-grid@^3.0.12:
  version "3.0.12"
  resolved "https://registry.yarnpkg.com/turf-hex-grid/-/turf-hex-grid-3.0.12.tgz#0698ef669020bb31d8e9cc2056d0abfcafc84e8f"
  dependencies:
    turf-distance "^3.0.12"
    turf-helpers "^3.0.12"

turf-inside@^3.0.12:
  version "3.0.12"
  resolved "https://registry.yarnpkg.com/turf-inside/-/turf-inside-3.0.12.tgz#9ba40fa6eed63bec7e7d88aa6427622c4df07066"
  dependencies:
    turf-invariant "^3.0.12"

turf-intersect@^3.0.12:
  version "3.0.12"
  resolved "https://registry.yarnpkg.com/turf-intersect/-/turf-intersect-3.0.12.tgz#c0d7fb305843a19275670057a39d268b17830d83"
  dependencies:
    jsts "1.1.2"

turf-invariant@^3.0.12:
  version "3.0.12"
  resolved "https://registry.yarnpkg.com/turf-invariant/-/turf-invariant-3.0.12.tgz#3b95253953991ebd962dd35d4f6704c287de8ebe"

turf-isolines@^3.0.12:
  version "3.0.12"
  resolved "https://registry.yarnpkg.com/turf-isolines/-/turf-isolines-3.0.12.tgz#00b233dfe2eebd4ecb47a94fc923c6ecec89c7ab"
  dependencies:
    turf-bbox "^3.0.12"
    turf-grid "1.0.1"
    turf-helpers "^3.0.12"
    turf-inside "^3.0.12"
    turf-planepoint "^3.0.12"
    turf-square "^3.0.12"
    turf-tin "^3.0.12"

turf-kinks@^3.0.12:
  version "3.0.12"
  resolved "https://registry.yarnpkg.com/turf-kinks/-/turf-kinks-3.0.12.tgz#e9c9a8dba5724d98f2350fc5bdeba069ec333755"
  dependencies:
    turf-helpers "^3.0.12"

turf-line-distance@^3.0.12:
  version "3.0.12"
  resolved "https://registry.yarnpkg.com/turf-line-distance/-/turf-line-distance-3.0.12.tgz#7108f5b26907f7b8c2dd1b3997866dd3a60e8f5f"
  dependencies:
    turf-distance "^3.0.12"
    turf-helpers "^3.0.12"

turf-line-slice@^3.0.12:
  version "3.0.12"
  resolved "https://registry.yarnpkg.com/turf-line-slice/-/turf-line-slice-3.0.12.tgz#f5f1accc92adae69ea1ac0b29f07529a28dde916"
  dependencies:
    turf-bearing "^3.0.12"
    turf-destination "^3.0.12"
    turf-distance "^3.0.12"
    turf-helpers "^3.0.12"
    turf-point-on-line "^3.0.12"

turf-meta@^3.0.12:
  version "3.0.12"
  resolved "https://registry.yarnpkg.com/turf-meta/-/turf-meta-3.0.12.tgz#0aa9a1caf82b2a5a08d54e0830b5b5a3fa0e8a38"

turf-midpoint@^3.0.12:
  version "3.0.12"
  resolved "https://registry.yarnpkg.com/turf-midpoint/-/turf-midpoint-3.0.12.tgz#b12765ae89acdee8556fd5e26c9c5fa041a02cbe"
  dependencies:
    turf-bearing "^3.0.12"
    turf-destination "^3.0.12"
    turf-distance "^3.0.12"
    turf-invariant "^3.0.12"

turf-nearest@^3.0.12:
  version "3.0.12"
  resolved "https://registry.yarnpkg.com/turf-nearest/-/turf-nearest-3.0.12.tgz#700207f4443f05096f86cd246f929f170dfaf46d"
  dependencies:
    turf-distance "^3.0.12"

turf-planepoint@^3.0.12:
  version "3.0.12"
  resolved "https://registry.yarnpkg.com/turf-planepoint/-/turf-planepoint-3.0.12.tgz#2c37ae0f17fcb30db6e38f0d59ee6c0dd6caa9af"

turf-point-grid@^3.0.12:
  version "3.0.12"
  resolved "https://registry.yarnpkg.com/turf-point-grid/-/turf-point-grid-3.0.12.tgz#d604978be10bc9e53306ae02cef7098431db4971"
  dependencies:
    turf-distance "^3.0.12"
    turf-helpers "^3.0.12"

turf-point-on-line@^3.0.12:
  version "3.0.12"
  resolved "https://registry.yarnpkg.com/turf-point-on-line/-/turf-point-on-line-3.0.12.tgz#1d8663354e70372db1863e6253e9040c47127b0f"
  dependencies:
    turf-bearing "^3.0.12"
    turf-destination "^3.0.12"
    turf-distance "^3.0.12"
    turf-helpers "^3.0.12"

turf-point-on-surface@^3.0.12:
  version "3.0.12"
  resolved "https://registry.yarnpkg.com/turf-point-on-surface/-/turf-point-on-surface-3.0.12.tgz#9be505b6b0ba78e98565001de3b3a4267115240a"
  dependencies:
    turf-center "^3.0.12"
    turf-distance "^3.0.12"
    turf-explode "^3.0.12"
    turf-helpers "^3.0.12"
    turf-inside "^3.0.12"

turf-point@^2.0.0:
  version "2.0.1"
  resolved "https://registry.yarnpkg.com/turf-point/-/turf-point-2.0.1.tgz#a2dcc30a2d20f44cf5c6271df7bae2c0e2146069"
  dependencies:
    minimist "^1.1.0"

turf-random@^3.0.12:
  version "3.0.12"
  resolved "https://registry.yarnpkg.com/turf-random/-/turf-random-3.0.12.tgz#34dbb141c3f1eaeae1424fd6c5eaba1f6fb9b1e8"
  dependencies:
    geojson-random "^0.2.2"

turf-sample@^3.0.12:
  version "3.0.12"
  resolved "https://registry.yarnpkg.com/turf-sample/-/turf-sample-3.0.12.tgz#7949f8620612047e1314c1ced87e99c142463cd2"
  dependencies:
    turf-helpers "^3.0.12"

turf-simplify@^3.0.12:
  version "3.0.12"
  resolved "https://registry.yarnpkg.com/turf-simplify/-/turf-simplify-3.0.12.tgz#85e443c8b46aa2b7526389444c7381daa2ad19e7"
  dependencies:
    simplify-js "^1.2.1"

turf-square-grid@^3.0.12:
  version "3.0.12"
  resolved "https://registry.yarnpkg.com/turf-square-grid/-/turf-square-grid-3.0.12.tgz#3c1d80ac14556c6813b478bda012512ed4b93ec8"
  dependencies:
    turf-distance "^3.0.12"
    turf-helpers "^3.0.12"

turf-square@^3.0.12:
  version "3.0.12"
  resolved "https://registry.yarnpkg.com/turf-square/-/turf-square-3.0.12.tgz#1a38b1e0fb05ffe0fcaa43188e2f37942a515b64"
  dependencies:
    turf-distance "^3.0.12"
    turf-helpers "^3.0.12"

turf-tag@^3.0.12:
  version "3.0.12"
  resolved "https://registry.yarnpkg.com/turf-tag/-/turf-tag-3.0.12.tgz#2284fff0e8a1e92a27d4ac7fd7471b3c48ddd1a8"
  dependencies:
    turf-inside "^3.0.12"

turf-tesselate@^3.0.12:
  version "3.0.12"
  resolved "https://registry.yarnpkg.com/turf-tesselate/-/turf-tesselate-3.0.12.tgz#41474b7b5b3820bcf273fb71e1894d8c3cd40d35"
  dependencies:
    earcut "^2.0.0"
    turf-helpers "^3.0.12"

turf-tin@^3.0.12:
  version "3.0.12"
  resolved "https://registry.yarnpkg.com/turf-tin/-/turf-tin-3.0.12.tgz#b6534644763ace1c9df241c958d2384855257385"
  dependencies:
    turf-helpers "^3.0.12"

turf-triangle-grid@^3.0.12:
  version "3.0.12"
  resolved "https://registry.yarnpkg.com/turf-triangle-grid/-/turf-triangle-grid-3.0.12.tgz#80647e57dafe09346879a29a18a0e6294acf1159"
  dependencies:
    turf-distance "^3.0.12"
    turf-helpers "^3.0.12"

turf-union@^3.0.12:
  version "3.0.12"
  resolved "https://registry.yarnpkg.com/turf-union/-/turf-union-3.0.12.tgz#dfed0e5540b8c2855e4994c14621e3a60c829c8e"
  dependencies:
    jsts "1.1.2"

turf-within@^3.0.12:
  version "3.0.12"
  resolved "https://registry.yarnpkg.com/turf-within/-/turf-within-3.0.12.tgz#f77eeaf377238561b7fb1338e76e9d1298741f94"
  dependencies:
    turf-helpers "^3.0.12"
    turf-inside "^3.0.12"

turf@^3.0.14:
  version "3.0.14"
  resolved "https://registry.yarnpkg.com/turf/-/turf-3.0.14.tgz#eb2f4a80a2d583b8c6486bc7b5c7190466866c27"
  dependencies:
    turf-along "^3.0.12"
    turf-area "^3.0.12"
    turf-bbox "^3.0.12"
    turf-bbox-polygon "^3.0.12"
    turf-bearing "^3.0.12"
    turf-bezier "^3.0.12"
    turf-buffer "^3.0.12"
    turf-center "^3.0.12"
    turf-centroid "^3.0.12"
    turf-circle "^3.0.12"
    turf-collect "^3.0.12"
    turf-combine "^3.0.12"
    turf-concave "^3.0.12"
    turf-convex "^3.0.12"
    turf-destination "^3.0.12"
    turf-difference "^3.0.12"
    turf-distance "^3.0.12"
    turf-envelope "^3.0.12"
    turf-explode "^3.0.12"
    turf-flip "^3.0.12"
    turf-helpers "^3.0.12"
    turf-hex-grid "^3.0.12"
    turf-inside "^3.0.12"
    turf-intersect "^3.0.12"
    turf-isolines "^3.0.12"
    turf-kinks "^3.0.12"
    turf-line-distance "^3.0.12"
    turf-line-slice "^3.0.12"
    turf-meta "^3.0.12"
    turf-midpoint "^3.0.12"
    turf-nearest "^3.0.12"
    turf-planepoint "^3.0.12"
    turf-point-grid "^3.0.12"
    turf-point-on-line "^3.0.12"
    turf-point-on-surface "^3.0.12"
    turf-random "^3.0.12"
    turf-sample "^3.0.12"
    turf-simplify "^3.0.12"
    turf-square "^3.0.12"
    turf-square-grid "^3.0.12"
    turf-tag "^3.0.12"
    turf-tesselate "^3.0.12"
    turf-tin "^3.0.12"
    turf-triangle-grid "^3.0.12"
    turf-union "^3.0.12"
    turf-within "^3.0.12"

tweetnacl@^0.14.3, tweetnacl@~0.14.0:
  version "0.14.5"
  resolved "https://registry.yarnpkg.com/tweetnacl/-/tweetnacl-0.14.5.tgz#5ae68177f192d4456269d108afa93ff8743f4f64"

two-product@^1.0.2:
  version "1.0.2"
  resolved "https://registry.yarnpkg.com/two-product/-/two-product-1.0.2.tgz#67d95d4b257a921e2cb4bd7af9511f9088522eaa"

two-sum@^1.0.0:
  version "1.0.0"
  resolved "https://registry.yarnpkg.com/two-sum/-/two-sum-1.0.0.tgz#31d3f32239e4f731eca9df9155e2b297f008ab64"

"unicode@>= 0.3.1":
  version "10.0.0"
  resolved "https://registry.yarnpkg.com/unicode/-/unicode-10.0.0.tgz#e5d51c1db93b6c71a0b879e0b0c4af7e6fdf688e"

union-find@^1.0.0:
  version "1.0.2"
  resolved "https://registry.yarnpkg.com/union-find/-/union-find-1.0.2.tgz#292bac415e6ad3a89535d237010db4a536284e58"

uuid@^3.1.0:
  version "3.1.0"
  resolved "https://registry.yarnpkg.com/uuid/-/uuid-3.1.0.tgz#3dd3d3e790abc24d7b0d3a034ffababe28ebbc04"

verror@1.10.0:
  version "1.10.0"
  resolved "https://registry.yarnpkg.com/verror/-/verror-1.10.0.tgz#3a105ca17053af55d6e270c1f8288682e18da400"
  dependencies:
    assert-plus "^1.0.0"
    core-util-is "1.0.2"
    extsprintf "^1.2.0"

wgs84@0.0.0:
  version "0.0.0"
  resolved "https://registry.yarnpkg.com/wgs84/-/wgs84-0.0.0.tgz#34fdc555917b6e57cf2a282ed043710c049cdc76"
